// !$*UTF8*$!
{
	archiveVersion = 1;
	classes = {
	};
	objectVersion = 46;
	objects = {

/* Begin PBXFileReference section */
		9A368752199C101400F9329D /* candy.py */ = {isa = PBXFileReference; lastKnownFileType = text.script.python; path = candy.py; sourceTree = "<group>"; };
/* End PBXFileReference section */

/* Begin PBXGroup section */
		9A36874B199C0FED00F9329D = {
			isa = PBXGroup;
			children = (
				9A368752199C101400F9329D /* candy.py */,
			);
			sourceTree = "<group>";
		};
/* End PBXGroup section */

/* Begin PBXProject section */
		9A36874C199C0FED00F9329D /* Project object */ = {
			isa = PBXProject;
			attributes = {
				LastUpgradeCheck = 0510;
			};
			buildConfigurationList = 9A36874F199C0FED00F9329D /* Build configuration list for PBXProject "Snoepjes Machine" */;
			compatibilityVersion = "Xcode 3.2";
			developmentRegion = English;
			hasScannedForEncodings = 0;
			knownRegions = (
				en,
			);
			mainGroup = 9A36874B199C0FED00F9329D;
			projectDirPath = "";
			projectRoot = "";
			targets = (
			);
		};
/* End PBXProject section */

/* Begin XCBuildConfiguration section */
		9A368750199C0FED00F9329D /* Debug */ = {
			isa = XCBuildConfiguration;
			buildSettings = {
			};
			name = Debug;
		};
		9A368751199C0FED00F9329D /* Release */ = {
			isa = XCBuildConfiguration;
			buildSettings = {
			};
			name = Release;
		};
/* End XCBuildConfiguration section */

/* Begin XCConfigurationList section */
		9A36874F199C0FED00F9329D /* Build configuration list for PBXProject "Snoepjes Machine" */ = {
			isa = XCConfigurationList;
			buildConfigurations = (
				9A368750199C0FED00F9329D /* Debug */,
				9A368751199C0FED00F9329D /* Release */,
			);
			defaultConfigurationIsVisible = 0;
			defaultConfigurationName = Release;
		};
/* End XCConfigurationList section */
	};
	rootObject = 9A36874C199C0FED00F9329D /* Project object */;
}
